Microsoft Visual Studio Solution File, Format Version 12.00
# Visual Studio Version 17
VisualStudioVersion = 17.0.33706.154
MinimumVisualStudioVersion = 10.0.40219.1
Project("{9A19103F-16F7-4668-BE54-9A1E7A4F7556}") = "Domain", "src\Domain\Domain.csproj", "{4655DB15-2E50-4254-A7D3-032ED3B5609E}"
EndProject
Project("{9A19103F-16F7-4668-BE54-9A1E7A4F7556}") = "Application", "src\Application\Application.csproj", "{070ED31A-3990-47E2-AFDA-0A36BA05B7AD}"
EndProject
Project("{9A19103F-16F7-4668-BE54-9A1E7A4F7556}") = "Infrastructure", "src\Infrastructure\Infrastructure.csproj", "{6D41F39E-426A-4FE0-A379-F9CAA1DB20C6}"
EndProject
Project("{FAE04EC0-301F-11D3-BF4B-00C04F79EFBC}") = "Web", "src\Web\Web.csproj", "{6069FC4B-8B51-42C1-92E1-BE4032095D31}"
EndProject
Project("{FAE04EC0-301F-11D3-BF4B-00C04F79EFBC}") = "CustomerSnapshot.Tests", "tests\CustomerSnapshot.Tests\CustomerSnapshot.Tests.csproj", "{876DB5A9-B929-4A18-ACB8-9FCB2CDEEDDF}"
EndProject
Project("{FAE04EC0-301F-11D3-BF4B-00C04F79EFBC}") = "Desktop", "src\Desktop\Desktop.csproj", "{5E651FB5-06E7-4573-89EA-9F2C9FA8F7E0}"
EndProject
Global
	GlobalSection(SolutionConfigurationPlatforms) = preSolution
		Debug|Any CPU = Debug|Any CPU
		Release|Any CPU = Release|Any CPU
	EndGlobalSection
	GlobalSection(ProjectConfigurationPlatforms) = postSolution
		{4655DB15-2E50-4254-A7D3-032ED3B5609E}.Debug|Any CPU.ActiveCfg = Debug|Any CPU
		{4655DB15-2E50-4254-A7D3-032ED3B5609E}.Debug|Any CPU.Build.0 = Debug|Any CPU
		{4655DB15-2E50-4254-A7D3-032ED3B5609E}.Release|Any CPU.ActiveCfg = Release|Any CPU
		{4655DB15-2E50-4254-A7D3-032ED3B5609E}.Release|Any CPU.Build.0 = Release|Any CPU
		{070ED31A-3990-47E2-AFDA-0A36BA05B7AD}.Debug|Any CPU.ActiveCfg = Debug|Any CPU
		{070ED31A-3990-47E2-AFDA-0A36BA05B7AD}.Debug|Any CPU.Build.0 = Debug|Any CPU
		{070ED31A-3990-47E2-AFDA-0A36BA05B7AD}.Release|Any CPU.ActiveCfg = Release|Any CPU
		{070ED31A-3990-47E2-AFDA-0A36BA05B7AD}.Release|Any CPU.Build.0 = Release|Any CPU
		{6D41F39E-426A-4FE0-A379-F9CAA1DB20C6}.Debug|Any CPU.ActiveCfg = Debug|Any CPU
		{6D41F39E-426A-4FE0-A379-F9CAA1DB20C6}.Debug|Any CPU.Build.0 = Debug|Any CPU
		{6D41F39E-426A-4FE0-A379-F9CAA1DB20C6}.Release|Any CPU.ActiveCfg = Release|Any CPU
		{6D41F39E-426A-4FE0-A379-F9CAA1DB20C6}.Release|Any CPU.Build.0 = Release|Any CPU
		{6069FC4B-8B51-42C1-92E1-BE4032095D31}.Debug|Any CPU.ActiveCfg = Debug|Any CPU
		{6069FC4B-8B51-42C1-92E1-BE4032095D31}.Debug|Any CPU.Build.0 = Debug|Any CPU
		{6069FC4B-8B51-42C1-92E1-BE4032095D31}.Release|Any CPU.ActiveCfg = Release|Any CPU
		{6069FC4B-8B51-42C1-92E1-BE4032095D31}.Release|Any CPU.Build.0 = Release|Any CPU
		{876DB5A9-B929-4A18-ACB8-9FCB2CDEEDDF}.Debug|Any CPU.ActiveCfg = Debug|Any CPU
		{876DB5A9-B929-4A18-ACB8-9FCB2CDEEDDF}.Debug|Any CPU.Build.0 = Debug|Any CPU
		{876DB5A9-B929-4A18-ACB8-9FCB2CDEEDDF}.Release|Any CPU.ActiveCfg = Release|Any CPU
		{876DB5A9-B929-4A18-ACB8-9FCB2CDEEDDF}.Release|Any CPU.Build.0 = Release|Any CPU
		{5E651FB5-06E7-4573-89EA-9F2C9FA8F7E0}.Debug|Any CPU.ActiveCfg = Debug|Any CPU
		{5E651FB5-06E7-4573-89EA-9F2C9FA8F7E0}.Debug|Any CPU.Build.0 = Debug|Any CPU
		{5E651FB5-06E7-4573-89EA-9F2C9FA8F7E0}.Release|Any CPU.ActiveCfg = Release|Any CPU
		{5E651FB5-06E7-4573-89EA-9F2C9FA8F7E0}.Release|Any CPU.Build.0 = Release|Any CPU
	EndGlobalSection
	GlobalSection(SolutionProperties) = preSolution
		HideSolutionNode = FALSE
	EndGlobalSection
EndGlobal
